
Microsoft Visual Studio Solution File, Format Version 12.00
# Visual Studio Version 17
VisualStudioVersion = 17.12.35506.116
MinimumVisualStudioVersion = 10.0.40219.1
Project("{FAE04EC0-301F-11D3-BF4B-00C04F79EFBC}") = "Cumulative_1", "Cumulative_1.csproj", "{1A236E65-9BE4-4EE2-AE02-F63E147802EC}"
EndProject
Global
	GlobalSection(SolutionConfigurationPlatforms) = preSolution
		Debug|Any CPU = Debug|Any CPU
		Release|Any CPU = Release|Any CPU
	EndGlobalSection
	GlobalSection(ProjectConfigurationPlatforms) = postSolution
		{1A236E65-9BE4-4EE2-AE02-F63E147802EC}.Debug|Any CPU.ActiveCfg = Debug|Any CPU
		{1A236E65-9BE4-4EE2-AE02-F63E147802EC}.Debug|Any CPU.Build.0 = Debug|Any CPU
		{1A236E65-9BE4-4EE2-AE02-F63E147802EC}.Release|Any CPU.ActiveCfg = Release|Any CPU
		{1A236E65-9BE4-4EE2-AE02-F63E147802EC}.Release|Any CPU.Build.0 = Release|Any CPU
	EndGlobalSection
	GlobalSection(SolutionProperties) = preSolution
		HideSolutionNode = FALSE
	EndGlobalSection
EndGlobal
